// !$*UTF8*$!
{
	archiveVersion = 1;
	classes = {
	};
	objectVersion = 46;
	objects = {

/* Begin PBXBuildFile section */
		626CEBA31EC0930500D22AA5 /* PodcastsViewController.swift in Sources */ = {isa = PBXBuildFile; fileRef = 626CEBA21EC0930500D22AA5 /* PodcastsViewController.swift */; };
		626CEBA51EC0A0CE00D22AA5 /* Parser.swift in Sources */ = {isa = PBXBuildFile; fileRef = 626CEBA41EC0A0CE00D22AA5 /* Parser.swift */; };
		626CEBA81EC0A75300D22AA5 /* SWXMLHash.swift in Sources */ = {isa = PBXBuildFile; fileRef = 626CEBA61EC0A75300D22AA5 /* SWXMLHash.swift */; };
		626CEBA91EC0A75300D22AA5 /* SWXMLHash+TypeConversion.swift in Sources */ = {isa = PBXBuildFile; fileRef = 626CEBA71EC0A75300D22AA5 /* SWXMLHash+TypeConversion.swift */; };
		627D40D11EBF6D03000CA0A5 /* AppDelegate.swift in Sources */ = {isa = PBXBuildFile; fileRef = 627D40D01EBF6D03000CA0A5 /* AppDelegate.swift */; };
		627D40D61EBF6D03000CA0A5 /* Pod_Player.xcdatamodeld in Sources */ = {isa = PBXBuildFile; fileRef = 627D40D41EBF6D03000CA0A5 /* Pod_Player.xcdatamodeld */; };
		627D40D81EBF6D03000CA0A5 /* Assets.xcassets in Resources */ = {isa = PBXBuildFile; fileRef = 627D40D71EBF6D03000CA0A5 /* Assets.xcassets */; };
		627D40DB1EBF6D03000CA0A5 /* Main.storyboard in Resources */ = {isa = PBXBuildFile; fileRef = 627D40D91EBF6D03000CA0A5 /* Main.storyboard */; };
		62ABC5881EC3467500701382 /* Episode.swift in Sources */ = {isa = PBXBuildFile; fileRef = 62ABC5871EC3467500701382 /* Episode.swift */; };
		62C176D61EC4D72C00773FAC /* EpisodeCell.swift in Sources */ = {isa = PBXBuildFile; fileRef = 62C176D51EC4D72C00773FAC /* EpisodeCell.swift */; };
		62E984481EC209EE00521D06 /* EpisodeViewController.swift in Sources */ = {isa = PBXBuildFile; fileRef = 62E984461EC209EE00521D06 /* EpisodeViewController.swift */; };
		62E9844B1EC20E1800521D06 /* SplitController.swift in Sources */ = {isa = PBXBuildFile; fileRef = 62E9844A1EC20E1800521D06 /* SplitController.swift */; };
/* End PBXBuildFile section */

/* Begin PBXFileReference section */
		626CEBA21EC0930500D22AA5 /* PodcastsViewController.swift */ = {isa = PBXFileReference; fileEncoding = 4; lastKnownFileType = sourcecode.swift; name = PodcastsViewController.swift; path = ../PodcastsViewController.swift; sourceTree = "<group>"; };
		626CEBA41EC0A0CE00D22AA5 /* Parser.swift */ = {isa = PBXFileReference; fileEncoding = 4; lastKnownFileType = sourcecode.swift; path = Parser.swift; sourceTree = "<group>"; };
		626CEBA61EC0A75300D22AA5 /* SWXMLHash.swift */ = {isa = PBXFileReference; fileEncoding = 4; lastKnownFileType = sourcecode.swift; name = SWXMLHash.swift; path = "../../../../Downloads/SWXMLHash-master/Source/SWXMLHash.swift"; sourceTree = "<group>"; };
		626CEBA71EC0A75300D22AA5 /* SWXMLHash+TypeConversion.swift */ = {isa = PBXFileReference; fileEncoding = 4; lastKnownFileType = sourcecode.swift; name = "SWXMLHash+TypeConversion.swift"; path = "../../../../Downloads/SWXMLHash-master/Source/SWXMLHash+TypeConversion.swift"; sourceTree = "<group>"; };
		627D40CD1EBF6D03000CA0A5 /* Pod Player.app */ = {isa = PBXFileReference; explicitFileType = wrapper.application; includeInIndex = 0; path = "Pod Player.app"; sourceTree = BUILT_PRODUCTS_DIR; };
		627D40D01EBF6D03000CA0A5 /* AppDelegate.swift */ = {isa = PBXFileReference; lastKnownFileType = sourcecode.swift; path = AppDelegate.swift; sourceTree = "<group>"; };
		627D40D51EBF6D03000CA0A5 /* Pod_Player.xcdatamodel */ = {isa = PBXFileReference; lastKnownFileType = wrapper.xcdatamodel; path = Pod_Player.xcdatamodel; sourceTree = "<group>"; };
		627D40D71EBF6D03000CA0A5 /* Assets.xcassets */ = {isa = PBXFileReference; lastKnownFileType = folder.assetcatalog; path = Assets.xcassets; sourceTree = "<group>"; };
		627D40DA1EBF6D03000CA0A5 /* Base */ = {isa = PBXFileReference; lastKnownFileType = file.storyboard; name = Base; path = Base.lproj/Main.storyboard; sourceTree = "<group>"; };
		627D40DC1EBF6D03000CA0A5 /* Info.plist */ = {isa = PBXFileReference; lastKnownFileType = text.plist.xml; path = Info.plist; sourceTree = "<group>"; };
		62ABC5871EC3467500701382 /* Episode.swift */ = {isa = PBXFileReference; fileEncoding = 4; lastKnownFileType = sourcecode.swift; path = Episode.swift; sourceTree = "<group>"; };
		62C176D51EC4D72C00773FAC /* EpisodeCell.swift */ = {isa = PBXFileReference; fileEncoding = 4; lastKnownFileType = sourcecode.swift; path = EpisodeCell.swift; sourceTree = "<group>"; };
		62E984461EC209EE00521D06 /* EpisodeViewController.swift */ = {isa = PBXFileReference; fileEncoding = 4; lastKnownFileType = sourcecode.swift; path = EpisodeViewController.swift; sourceTree = "<group>"; };
		62E9844A1EC20E1800521D06 /* SplitController.swift */ = {isa = PBXFileReference; fileEncoding = 4; lastKnownFileType = sourcecode.swift; path = SplitController.swift; sourceTree = "<group>"; };
/* End PBXFileReference section */

/* Begin PBXFrameworksBuildPhase section */
		627D40CA1EBF6D03000CA0A5 /* Frameworks */ = {
			isa = PBXFrameworksBuildPhase;
			buildActionMask = 2147483647;
			files = (
			);
			runOnlyForDeploymentPostprocessing = 0;
		};
/* End PBXFrameworksBuildPhase section */

/* Begin PBXGroup section */
		626CEBAA1EC0A77F00D22AA5 /* SWXMLHash */ = {
			isa = PBXGroup;
			children = (
				626CEBA61EC0A75300D22AA5 /* SWXMLHash.swift */,
				626CEBA71EC0A75300D22AA5 /* SWXMLHash+TypeConversion.swift */,
			);
			name = SWXMLHash;
			sourceTree = "<group>";
		};
		627D40C41EBF6D03000CA0A5 = {
			isa = PBXGroup;
			children = (
				627D40CF1EBF6D03000CA0A5 /* Pod Player */,
				627D40CE1EBF6D03000CA0A5 /* Products */,
			);
			sourceTree = "<group>";
		};
		627D40CE1EBF6D03000CA0A5 /* Products */ = {
			isa = PBXGroup;
			children = (
				627D40CD1EBF6D03000CA0A5 /* Pod Player.app */,
			);
			name = Products;
			sourceTree = "<group>";
		};
		627D40CF1EBF6D03000CA0A5 /* Pod Player */ = {
			isa = PBXGroup;
			children = (
				627D40D01EBF6D03000CA0A5 /* AppDelegate.swift */,
				627D40D71EBF6D03000CA0A5 /* Assets.xcassets */,
				627D40D91EBF6D03000CA0A5 /* Main.storyboard */,
				62E9844A1EC20E1800521D06 /* SplitController.swift */,
				626CEBA21EC0930500D22AA5 /* PodcastsViewController.swift */,
				62E984461EC209EE00521D06 /* EpisodeViewController.swift */,
				62C176D51EC4D72C00773FAC /* EpisodeCell.swift */,
				62ABC5871EC3467500701382 /* Episode.swift */,
				626CEBA41EC0A0CE00D22AA5 /* Parser.swift */,
				626CEBAA1EC0A77F00D22AA5 /* SWXMLHash */,
				627D40DC1EBF6D03000CA0A5 /* Info.plist */,
				627D40D41EBF6D03000CA0A5 /* Pod_Player.xcdatamodeld */,
			);
			path = "Pod Player";
			sourceTree = "<group>";
		};
/* End PBXGroup section */

/* Begin PBXNativeTarget section */
		627D40CC1EBF6D03000CA0A5 /* Pod Player */ = {
			isa = PBXNativeTarget;
			buildConfigurationList = 627D40DF1EBF6D03000CA0A5 /* Build configuration list for PBXNativeTarget "Pod Player" */;
			buildPhases = (
				627D40C91EBF6D03000CA0A5 /* Sources */,
				627D40CA1EBF6D03000CA0A5 /* Frameworks */,
				627D40CB1EBF6D03000CA0A5 /* Resources */,
			);
			buildRules = (
			);
			dependencies = (
			);
			name = "Pod Player";
			productName = "Pod Player";
			productReference = 627D40CD1EBF6D03000CA0A5 /* Pod Player.app */;
			productType = "com.apple.product-type.application";
		};
/* End PBXNativeTarget section */

/* Begin PBXProject section */
		627D40C51EBF6D03000CA0A5 /* Project object */ = {
			isa = PBXProject;
			attributes = {
				LastSwiftUpdateCheck = 0830;
				LastUpgradeCheck = 0830;
				ORGANIZATIONNAME = "ALLAN E JONES";
				TargetAttributes = {
					627D40CC1EBF6D03000CA0A5 = {
						CreatedOnToolsVersion = 8.3.2;
						ProvisioningStyle = Automatic;
					};
				};
			};
			buildConfigurationList = 627D40C81EBF6D03000CA0A5 /* Build configuration list for PBXProject "Pod Player" */;
			compatibilityVersion = "Xcode 3.2";
			developmentRegion = English;
			hasScannedForEncodings = 0;
			knownRegions = (
				en,
				Base,
			);
			mainGroup = 627D40C41EBF6D03000CA0A5;
			productRefGroup = 627D40CE1EBF6D03000CA0A5 /* Products */;
			projectDirPath = "";
			projectRoot = "";
			targets = (
				627D40CC1EBF6D03000CA0A5 /* Pod Player */,
			);
		};
/* End PBXProject section */

/* Begin PBXResourcesBuildPhase section */
		627D40CB1EBF6D03000CA0A5 /* Resources */ = {
			isa = PBXResourcesBuildPhase;
			buildActionMask = 2147483647;
			files = (
				627D40D81EBF6D03000CA0A5 /* Assets.xcassets in Resources */,
				627D40DB1EBF6D03000CA0A5 /* Main.storyboard in Resources */,
			);
			runOnlyForDeploymentPostprocessing = 0;
		};
/* End PBXResourcesBuildPhase section */

/* Begin PBXSourcesBuildPhase section */
		627D40C91EBF6D03000CA0A5 /* Sources */ = {
			isa = PBXSourcesBuildPhase;
			buildActionMask = 2147483647;
			files = (
				62E9844B1EC20E1800521D06 /* SplitController.swift in Sources */,
				626CEBA51EC0A0CE00D22AA5 /* Parser.swift in Sources */,
				62E984481EC209EE00521D06 /* EpisodeViewController.swift in Sources */,
				626CEBA91EC0A75300D22AA5 /* SWXMLHash+TypeConversion.swift in Sources */,
				627D40D61EBF6D03000CA0A5 /* Pod_Player.xcdatamodeld in Sources */,
				62C176D61EC4D72C00773FAC /* EpisodeCell.swift in Sources */,
				626CEBA31EC0930500D22AA5 /* PodcastsViewController.swift in Sources */,
				626CEBA81EC0A75300D22AA5 /* SWXMLHash.swift in Sources */,
				62ABC5881EC3467500701382 /* Episode.swift in Sources */,
				627D40D11EBF6D03000CA0A5 /* AppDelegate.swift in Sources */,
			);
			runOnlyForDeploymentPostprocessing = 0;
		};
/* End PBXSourcesBuildPhase section */

/* Begin PBXVariantGroup section */
		627D40D91EBF6D03000CA0A5 /* Main.storyboard */ = {
			isa = PBXVariantGroup;
			children = (
				627D40DA1EBF6D03000CA0A5 /* Base */,
			);
			name = Main.storyboard;
			sourceTree = "<group>";
		};
/* End PBXVariantGroup section */

/* Begin XCBuildConfiguration section */
		627D40DD1EBF6D03000CA0A5 /* Debug */ = {
			isa = XCBuildConfiguration;
			buildSettings = {
				ALWAYS_SEARCH_USER_PATHS = NO;
				CLANG_ANALYZER_NONNULL = YES;
				CLANG_ANALYZER_NUMBER_OBJECT_CONVERSION = YES_AGGRESSIVE;
				CLANG_CXX_LANGUAGE_STANDARD = "gnu++0x";
				CLANG_CXX_LIBRARY = "libc++";
				CLANG_ENABLE_MODULES = YES;
				CLANG_ENABLE_OBJC_ARC = YES;
				CLANG_WARN_BOOL_CONVERSION = YES;
				CLANG_WARN_CONSTANT_CONVERSION = YES;
				CLANG_WARN_DIRECT_OBJC_ISA_USAGE = YES_ERROR;
				CLANG_WARN_DOCUMENTATION_COMMENTS = YES;
				CLANG_WARN_EMPTY_BODY = YES;
				CLANG_WARN_ENUM_CONVERSION = YES;
				CLANG_WARN_INFINITE_RECURSION = YES;
				CLANG_WARN_INT_CONVERSION = YES;
				CLANG_WARN_OBJC_ROOT_CLASS = YES_ERROR;
				CLANG_WARN_SUSPICIOUS_MOVE = YES;
				CLANG_WARN_UNREACHABLE_CODE = YES;
				CLANG_WARN__DUPLICATE_METHOD_MATCH = YES;
				CODE_SIGN_IDENTITY = "-";
				COPY_PHASE_STRIP = NO;
				DEBUG_INFORMATION_FORMAT = dwarf;
				ENABLE_STRICT_OBJC_MSGSEND = YES;
				ENABLE_TESTABILITY = YES;
				GCC_C_LANGUAGE_STANDARD = gnu99;
				GCC_DYNAMIC_NO_PIC = NO;
				GCC_NO_COMMON_BLOCKS = YES;
				GCC_OPTIMIZATION_LEVEL = 0;
				GCC_PREPROCESSOR_DEFINITIONS = (
					"DEBUG=1",
					"$(inherited)",
				);
				GCC_WARN_64_TO_32_BIT_CONVERSION = YES;
				GCC_WARN_ABOUT_RETURN_TYPE = YES_ERROR;
				GCC_WARN_UNDECLARED_SELECTOR = YES;
				GCC_WARN_UNINITIALIZED_AUTOS = YES_AGGRESSIVE;
				GCC_WARN_UNUSED_FUNCTION = YES;
				GCC_WARN_UNUSED_VARIABLE = YES;
				MACOSX_DEPLOYMENT_TARGET = 10.12;
				MTL_ENABLE_DEBUG_INFO = YES;
				ONLY_ACTIVE_ARCH = YES;
				SDKROOT = macosx;
				SWIFT_ACTIVE_COMPILATION_CONDITIONS = DEBUG;
				SWIFT_OPTIMIZATION_LEVEL = "-Onone";
			};
			name = Debug;
		};
		627D40DE1EBF6D03000CA0A5 /* Release */ = {
			isa = XCBuildConfiguration;
			buildSettings = {
				ALWAYS_SEARCH_USER_PATHS = NO;
				CLANG_ANALYZER_NONNULL = YES;
				CLANG_ANALYZER_NUMBER_OBJECT_CONVERSION = YES_AGGRESSIVE;
				CLANG_CXX_LANGUAGE_STANDARD = "gnu++0x";
				CLANG_CXX_LIBRARY = "libc++";
				CLANG_ENABLE_MODULES = YES;
				CLANG_ENABLE_OBJC_ARC = YES;
				CLANG_WARN_BOOL_CONVERSION = YES;
				CLANG_WARN_CONSTANT_CONVERSION = YES;
				CLANG_WARN_DIRECT_OBJC_ISA_USAGE = YES_ERROR;
				CLANG_WARN_DOCUMENTATION_COMMENTS = YES;
				CLANG_WARN_EMPTY_BODY = YES;
				CLANG_WARN_ENUM_CONVERSION = YES;
				CLANG_WARN_INFINITE_RECURSION = YES;
				CLANG_WARN_INT_CONVERSION = YES;
				CLANG_WARN_OBJC_ROOT_CLASS = YES_ERROR;
				CLANG_WARN_SUSPICIOUS_MOVE = YES;
				CLANG_WARN_UNREACHABLE_CODE = YES;
				CLANG_WARN__DUPLICATE_METHOD_MATCH = YES;
				CODE_SIGN_IDENTITY = "-";
				COPY_PHASE_STRIP = NO;
				DEBUG_INFORMATION_FORMAT = "dwarf-with-dsym";
				ENABLE_NS_ASSERTIONS = NO;
				ENABLE_STRICT_OBJC_MSGSEND = YES;
				GCC_C_LANGUAGE_STANDARD = gnu99;
				GCC_NO_COMMON_BLOCKS = YES;
				GCC_WARN_64_TO_32_BIT_CONVERSION = YES;
				GCC_WARN_ABOUT_RETURN_TYPE = YES_ERROR;
				GCC_WARN_UNDECLARED_SELECTOR = YES;
				GCC_WARN_UNINITIALIZED_AUTOS = YES_AGGRESSIVE;
				GCC_WARN_UNUSED_FUNCTION = YES;
				GCC_WARN_UNUSED_VARIABLE = YES;
				MACOSX_DEPLOYMENT_TARGET = 10.12;
				MTL_ENABLE_DEBUG_INFO = NO;
				SDKROOT = macosx;
				SWIFT_OPTIMIZATION_LEVEL = "-Owholemodule";
			};
			name = Release;
		};
		627D40E01EBF6D03000CA0A5 /* Debug */ = {
			isa = XCBuildConfiguration;
			buildSettings = {
				ASSETCATALOG_COMPILER_APPICON_NAME = AppIcon;
				COMBINE_HIDPI_IMAGES = YES;
				INFOPLIST_FILE = "Pod Player/Info.plist";
				LD_RUNPATH_SEARCH_PATHS = "$(inherited) @executable_path/../Frameworks";
				PRODUCT_BUNDLE_IDENTIFIER = "com.allanejones.Pod-Player";
				PRODUCT_NAME = "$(TARGET_NAME)";
				SWIFT_VERSION = 3.0;
			};
			name = Debug;
		};
		627D40E11EBF6D03000CA0A5 /* Release */ = {
			isa = XCBuildConfiguration;
			buildSettings = {
				ASSETCATALOG_COMPILER_APPICON_NAME = AppIcon;
				COMBINE_HIDPI_IMAGES = YES;
				INFOPLIST_FILE = "Pod Player/Info.plist";
				LD_RUNPATH_SEARCH_PATHS = "$(inherited) @executable_path/../Frameworks";
				PRODUCT_BUNDLE_IDENTIFIER = "com.allanejones.Pod-Player";
				PRODUCT_NAME = "$(TARGET_NAME)";
				SWIFT_VERSION = 3.0;
			};
			name = Release;
		};
/* End XCBuildConfiguration section */

/* Begin XCConfigurationList section */
		627D40C81EBF6D03000CA0A5 /* Build configuration list for PBXProject "Pod Player" */ = {
			isa = XCConfigurationList;
			buildConfigurations = (
				627D40DD1EBF6D03000CA0A5 /* Debug */,
				627D40DE1EBF6D03000CA0A5 /* Release */,
			);
			defaultConfigurationIsVisible = 0;
			defaultConfigurationName = Release;
		};
		627D40DF1EBF6D03000CA0A5 /* Build configuration list for PBXNativeTarget "Pod Player" */ = {
			isa = XCConfigurationList;
			buildConfigurations = (
				627D40E01EBF6D03000CA0A5 /* Debug */,
				627D40E11EBF6D03000CA0A5 /* Release */,
			);
			defaultConfigurationIsVisible = 0;
			defaultConfigurationName = Release;
		};
/* End XCConfigurationList section */

/* Begin XCVersionGroup section */
		627D40D41EBF6D03000CA0A5 /* Pod_Player.xcdatamodeld */ = {
			isa = XCVersionGroup;
			children = (
				627D40D51EBF6D03000CA0A5 /* Pod_Player.xcdatamodel */,
			);
			currentVersion = 627D40D51EBF6D03000CA0A5 /* Pod_Player.xcdatamodel */;
			path = Pod_Player.xcdatamodeld;
			sourceTree = "<group>";
			versionGroupType = wrapper.xcdatamodel;
		};
/* End XCVersionGroup section */
	};
	rootObject = 627D40C51EBF6D03000CA0A5 /* Project object */;
}
